{
  "name": "aoc2018",
  "version": "1.0.0",
  "lockfileVersion": 1,
  "requires": true,
  "dependencies": {
    "@types/node": {
      "version": "10.12.11",
      "resolved": "https://registry.npmjs.org/@types/node/-/node-10.12.11.tgz",
      "integrity": "sha512-3iIOhNiPGTdcUNVCv9e5G7GotfvJJe2pc9w2UgDXlUwnxSZ3RgcUocIU+xYm+rTU54jIKih998QE4dMOyMN1NQ=="
    },
    "@types/ramda": {
      "version": "github:types/npm-ramda#9529aa3c8ff70ff84afcbc0be83443c00f30ea90",
      "from": "github:types/npm-ramda#dist"
    },
    "fp-ts": {
      "version": "1.11.3",
      "resolved": "https://registry.npmjs.org/fp-ts/-/fp-ts-1.11.3.tgz",
      "integrity": "sha512-5SRfp6C7ze/++r51I6TXIdIKd4rsbtsfLGaWH8S46XlCw8bTOh4L3stkSKOwcoQ95pss0z1TaO43HJEX1AZi2g=="
    },
    "ramda": {
      "version": "0.26.1",
      "resolved": "https://registry.npmjs.org/ramda/-/ramda-0.26.1.tgz",
      "integrity": "sha512-hLWjpy7EnsDBb0p+Z3B7rPi3GDeRG5ZtiI33kJhTt+ORCd38AbAIjB/9zRIUoeTbE/AVX5ZkU7m6bznsvrf8eQ=="
    }
  }
}
